
Microsoft Visual Studio Solution File, Format Version 12.00
# Visual Studio Version 16
VisualStudioVersion = 16.0.29009.5
MinimumVisualStudioVersion = 10.0.40219.1
Project("{9A19103F-16F7-4668-BE54-9A1E7A4F7556}") = "BTFindTree", "src\BTFindTree\BTFindTree.csproj", "{7E28920B-A530-4E53-A939-10CA104FFCE6}"
EndProject
Project("{2150E333-8FDC-42A3-9474-1A3956D46DE8}") = "src", "src", "{11A28CBF-253A-4490-ADF0-FA775766BAB4}"
EndProject
Project("{2150E333-8FDC-42A3-9474-1A3956D46DE8}") = "test", "test", "{8734A952-32DB-43BB-A02E-119CCE41E8ED}"
EndProject
Project("{9A19103F-16F7-4668-BE54-9A1E7A4F7556}") = "BTFTest", "BTFTest\BTFTest.csproj", "{62A14AE0-1919-4425-AA06-A933D886A753}"
EndProject
Project("{2150E333-8FDC-42A3-9474-1A3956D46DE8}") = "sample", "sample", "{F171984D-3F83-4FB3-912B-3D496B5EBAE5}"
EndProject
Project("{9A19103F-16F7-4668-BE54-9A1E7A4F7556}") = "SelfTest", "SelfTest\SelfTest.csproj", "{C627000B-AAD5-48CC-AFB0-8EA633BA2A6A}"
EndProject
Project("{FAE04EC0-301F-11D3-BF4B-00C04F79EFBC}") = "BenchmarkTest", "BenchmarkTest\BenchmarkTest.csproj", "{71518E70-2FE0-467E-9AD0-4491CCBB125E}"
EndProject
Global
	GlobalSection(SolutionConfigurationPlatforms) = preSolution
		Debug|Any CPU = Debug|Any CPU
		Release|Any CPU = Release|Any CPU
	EndGlobalSection
	GlobalSection(ProjectConfigurationPlatforms) = postSolution
		{7E28920B-A530-4E53-A939-10CA104FFCE6}.Debug|Any CPU.ActiveCfg = Debug|Any CPU
		{7E28920B-A530-4E53-A939-10CA104FFCE6}.Debug|Any CPU.Build.0 = Debug|Any CPU
		{7E28920B-A530-4E53-A939-10CA104FFCE6}.Release|Any CPU.ActiveCfg = Release|Any CPU
		{7E28920B-A530-4E53-A939-10CA104FFCE6}.Release|Any CPU.Build.0 = Release|Any CPU
		{62A14AE0-1919-4425-AA06-A933D886A753}.Debug|Any CPU.ActiveCfg = Debug|Any CPU
		{62A14AE0-1919-4425-AA06-A933D886A753}.Debug|Any CPU.Build.0 = Debug|Any CPU
		{62A14AE0-1919-4425-AA06-A933D886A753}.Release|Any CPU.ActiveCfg = Release|Any CPU
		{62A14AE0-1919-4425-AA06-A933D886A753}.Release|Any CPU.Build.0 = Release|Any CPU
		{C627000B-AAD5-48CC-AFB0-8EA633BA2A6A}.Debug|Any CPU.ActiveCfg = Debug|Any CPU
		{C627000B-AAD5-48CC-AFB0-8EA633BA2A6A}.Debug|Any CPU.Build.0 = Debug|Any CPU
		{C627000B-AAD5-48CC-AFB0-8EA633BA2A6A}.Release|Any CPU.ActiveCfg = Release|Any CPU
		{C627000B-AAD5-48CC-AFB0-8EA633BA2A6A}.Release|Any CPU.Build.0 = Release|Any CPU
		{71518E70-2FE0-467E-9AD0-4491CCBB125E}.Debug|Any CPU.ActiveCfg = Debug|Any CPU
		{71518E70-2FE0-467E-9AD0-4491CCBB125E}.Debug|Any CPU.Build.0 = Debug|Any CPU
		{71518E70-2FE0-467E-9AD0-4491CCBB125E}.Release|Any CPU.ActiveCfg = Release|Any CPU
		{71518E70-2FE0-467E-9AD0-4491CCBB125E}.Release|Any CPU.Build.0 = Release|Any CPU
	EndGlobalSection
	GlobalSection(SolutionProperties) = preSolution
		HideSolutionNode = FALSE
	EndGlobalSection
	GlobalSection(NestedProjects) = preSolution
		{7E28920B-A530-4E53-A939-10CA104FFCE6} = {11A28CBF-253A-4490-ADF0-FA775766BAB4}
		{62A14AE0-1919-4425-AA06-A933D886A753} = {8734A952-32DB-43BB-A02E-119CCE41E8ED}
		{C627000B-AAD5-48CC-AFB0-8EA633BA2A6A} = {F171984D-3F83-4FB3-912B-3D496B5EBAE5}
		{71518E70-2FE0-467E-9AD0-4491CCBB125E} = {8734A952-32DB-43BB-A02E-119CCE41E8ED}
	EndGlobalSection
	GlobalSection(ExtensibilityGlobals) = postSolution
		SolutionGuid = {C1B88729-05E2-469E-B598-D7CBA5F9EBF1}
	EndGlobalSection
EndGlobal
